{
    "_meta": {
        "hash": {
            "sha256": "7fb759cbf7dc8493000d4d7f790fd263bdafcb79f96fad8fe24dd74f52a87eb4"
        },
        "host-environment-markers": {
            "implementation_name": "cpython",
            "implementation_version": "3.6.4",
            "os_name": "posix",
            "platform_machine": "x86_64",
            "platform_python_implementation": "CPython",
            "platform_release": "16.7.0",
            "platform_system": "Darwin",
            "platform_version": "Darwin Kernel Version 16.7.0: Thu Jan 11 22:59:40 PST 2018; root:xnu-3789.73.8~1/RELEASE_X86_64",
            "python_full_version": "3.6.4",
            "python_version": "3.6",
            "sys_platform": "darwin"
        },
        "pipfile-spec": 6,
        "requires": {},
        "sources": [
            {
                "name": "pypi",
                "url": "https://pypi.python.org/simple",
                "verify_ssl": true
            }
        ]
    },
    "default": {
        "click": {
            "hashes": [
                "sha256:29f99fc6125fbc931b758dc053b3114e55c77a6e4c6c3a2674a2dc986016381d",
                "sha256:f15516df478d5a56180fbf80e68f206010e6d160fc39fa508b65e035fd75130b"
            ],
            "version": "==6.7"
        },
        "flask": {
            "hashes": [
                "sha256:0749df235e3ff61ac108f69ac178c9770caeaccad2509cb762ce1f65570a8856",
                "sha256:49f44461237b69ecd901cc7ce66feea0319b9158743dd27a2899962ab214dac1"
            ],
            "version": "==0.12.2"
        },
        "h5py": {
            "hashes": [
                "sha256:562045c57a2e47aca9c716ac8cd64448d4897c0f5fe456ab5a34b17c8b3907cb",
                "sha256:e1bfcfa2c425dc0f637d4edd858b94e400bbb5746dba324ace124d55fc21d3df",
                "sha256:9e0537058efea7547d976f9c00067f7193727bb41ce6b4733c52de35beaa46f5",
                "sha256:9d9fb861e10735c5c710fe18f34c69e470cf161a4ba38717b7dde21de2d33760",
                "sha256:2d137a1b2f529e58886b5865f6dec51cd96ea0671dd84cebc6dba5cd8c7d0a75",
                "sha256:2ccb4f405059314829ebad1859d2c68e133a9d13ca7c3cc7a298a76a438fd09c",
                "sha256:52204972a02032d6a427addd37a24a22a2b97d4bce0850c84a6995db9c91926c",
                "sha256:1be9cd57e74b24f836d0d2c34ae376ff2df704f40aa8815aa9113b5a860d467f",
                "sha256:2258fca3533a3276fd86e9196326786f408a95748ac707c010fff265edf60342",
                "sha256:66609c48f8841357ced4291b7c9009518bb6e6fec449d91eb46aa417b6f5f4cf",
                "sha256:4a6e6cd8668fa453864f4f9e243460dcc2d41e79d14516b84f4ba74ebcc5b222",
                "sha256:a314e5e98037ece52ad0b88b4e0d788ca554935268f3e9d293ca9bcd18611b42",
                "sha256:478efa37b84a56061af5fcd286678331e873e216f6c5987cd31f9666edc2f157",
                "sha256:2b91c9117f2e7a2ef924bec41ac77e57567bec6731773373bf78eb4387b39a2a",
                "sha256:07ddea6bb649a257fc57ccae359a36d691b2ef8b9617971ae7d6f74ef6f67cad",
                "sha256:bb990d8663dbeee22ce44135ffd65ab38bd23d6a689722a653cfbf2d18d46688",
                "sha256:e78f09a44fc9256b84c9df98edf7b6ead3b3da2e12bf2d1e00384960a6a78a1a",
                "sha256:40dd37cbf24ca3b935a8d6eb8960ec5d0381219f82317bdc40aa9e08b3fcc143",
                "sha256:1fad9aa32835230de77b31edd6980b7c202de7bb7d8384d1bcb47b5dd32c8c7c",
                "sha256:537a60879485e5ce484ab4350c7bd8b3da4b531f9f82ef0a18780beabde98c90",
                "sha256:c050791989cd9979fe57a770d4e323b2e67ef95800e89e7dc6ad3652b8ccd86f",
                "sha256:b7e1c42367513108c3615cf1a24a9d366fd93eb9d2d92085bafb3011b785e8a9",
                "sha256:180a688311e826ff6ae6d3bda9b5c292b90b28787525ddfcb10a29d5ddcae2cc"
            ],
            "version": "==2.7.1"
        },
        "itsdangerous": {
            "hashes": [
                "sha256:cbb3fcf8d3e33df861709ecaf89d9e6629cff0a217bc2848f1b41cd30d360519"
            ],
            "version": "==0.24"
        },
        "jinja2": {
            "hashes": [
                "sha256:74c935a1b8bb9a3947c50a54766a969d4846290e1e788ea44c1392163723c3bd",
                "sha256:f84be1bb0040caca4cea721fcbbbbd61f9be9464ca236387158b0feea01914a4"
            ],
            "version": "==2.10"
        },
        "markupsafe": {
            "hashes": [
                "sha256:a6be69091dac236ea9c6bc7d012beab42010fa914c459791d627dad4910eb665"
            ],
            "version": "==1.0"
        },
        "numpy": {
            "hashes": [
                "sha256:910e7ae5eeee8d322775187692c5c66719cd58d230fbfd57245ea3cf75716910",
                "sha256:f5c9ca457057cd5e12ddab36cded8b1f38bf1f45bf550d4ca2839b11ec57f597",
                "sha256:d29e72413b66df23c75b9b469253c823698ea2e00f58e9e0df64b7a50696e8ac",
                "sha256:539345898a4ae17421c159ae2a350901a5e6ce3da8f24168c6c67b3536e13de8",
                "sha256:929928932f91082a168e36984179deddd58f8e98822ad2f33a2955d7c4eec596",
                "sha256:62b09f3d1ea01d79c16a6642cb21599f53b9338c59971b2418a573155d2202ec",
                "sha256:c4b1914d86c43399438518a2ac8bcba2fb64dd5a18efddded3783b9daae70933",
                "sha256:6c6feb0647380db6e1d5d49ef9fb59c42240f25fb8df8b6e82ecb436c7e0621a",
                "sha256:da2f47e46d7a93b73891d1981378717dc73c6ad5cc4fd23c934bfea7847fa958",
                "sha256:4c767b6d9c9a071bb36ea34eb240ee5192fe0bc4c13be5e6c51e0350a30f7ac0",
                "sha256:b2f98838f4bbc3bf23af7e97ffcad18a2dc6bbb0726796781e02b9347af6685f",
                "sha256:11fcbed36c101a3b9c4636e791efccba82409ebbedaba938c97be8bdddd029cc",
                "sha256:8969c8f987f8bcc3e30c014532cfc20e4a8f86a50c361596e086310853adacb7",
                "sha256:2875e8055a1ea8d933b1c9d0f8714c0aa11c097bfadfcb8564c4d868fbf09a41",
                "sha256:09b87d652c03508447d0f618e1d3ae57595acd3e0f0c11ac91bf68ed7bdb3a28",
                "sha256:9cad35b911e150f00bb8080950c7e9f172714bbd0234f5ab74b4e3e2d9288b37",
                "sha256:479863de17f66810db00bccf35289555365da45d3b053ccf539b95ab3b9c24f6",
                "sha256:b162c6b044960b4ea0f42be049ce2af1d18c60f82748f0a27bd5ad182a731bf3",
                "sha256:fa656dccfa9141774440575a6e7875d08b93f4a332eb5ae40877b26bed291c01",
                "sha256:7dfa5b49fb2a080bd0d39bfbcff1177bacb14fcb28c857fd65fd0c18938935de",
                "sha256:e8e0e75db757e41463888939d26c8058b4ecd25e563c597e9119f512dc0ee1da",
                "sha256:c8dc6aa96882df6323bf9545934e37c6e05959bd789ae4b14d50509b093907aa",
                "sha256:36ee86d5adbabc4fa2643a073f93d5504bdfed37a149a3a49f4dde259f35a750"
            ],
            "version": "==1.13.3"
        },
        "six": {
            "hashes": [
                "sha256:832dc0e10feb1aa2c68dcc57dbb658f1c7e65b9b61af69048abc87a2db00a0eb",
                "sha256:70e8a77beed4562e7f14fe23a786b54f6296e34344c23bc42f07b15018ff98e9"
            ],
            "version": "==1.11.0"
        },
        "twobitreader": {
            "hashes": [
                "sha256:c7e166094e52a7bcdd4dc006c97cb0584cef6b66a2e9d0d46f17c62e3398e507"
            ],
            "version": "==3.1.5"
        },
        "werkzeug": {
            "hashes": [
                "sha256:d5da73735293558eb1651ee2fddc4d0dedcfa06538b8813a2e20011583c9e49b",
                "sha256:c3fd7a7d41976d9f44db327260e263132466836cef6f91512889ed60ad26557c"
            ],
            "version": "==0.14.1"
        }
    },
    "develop": {}
}
